
Microsoft Visual Studio Solution File, Format Version 12.00
# Visual Studio Version 16
VisualStudioVersion = 16.0.31129.286
MinimumVisualStudioVersion = 10.0.40219.1
Project("{930C7802-8A8C-48F9-8165-68863BCCD9DD}") = "WiX-Test2", "WiX-Test2\WiX-Test2.wixproj", "{CFEC6087-99A2-4DE0-B3FF-786298236A56}"
EndProject
Global
	GlobalSection(SolutionConfigurationPlatforms) = preSolution
		Debug|x86 = Debug|x86
		Release|x86 = Release|x86
	EndGlobalSection
	GlobalSection(ProjectConfigurationPlatforms) = postSolution
		{CFEC6087-99A2-4DE0-B3FF-786298236A56}.Debug|x86.ActiveCfg = Release|x86
		{CFEC6087-99A2-4DE0-B3FF-786298236A56}.Debug|x86.Build.0 = Release|x86
		{CFEC6087-99A2-4DE0-B3FF-786298236A56}.Release|x86.ActiveCfg = Release|x86
		{CFEC6087-99A2-4DE0-B3FF-786298236A56}.Release|x86.Build.0 = Release|x86
	EndGlobalSection
	GlobalSection(SolutionProperties) = preSolution
		HideSolutionNode = FALSE
	EndGlobalSection
	GlobalSection(ExtensibilityGlobals) = postSolution
		SolutionGuid = {EBC79726-DC09-43BB-873D-F51C6AD0355E}
	EndGlobalSection
EndGlobal
